
Microsoft Visual Studio Solution File, Format Version 12.00
# Visual Studio 15
VisualStudioVersion = 15.0.27703.2018
MinimumVisualStudioVersion = 10.0.40219.1
Project("{D954291E-2A0B-460D-934E-DC6B0785DB48}") = "ZWave", "ZWave\ZWave.shproj", "{91E0AE62-9C57-4210-B3DA-3EBD2E699C92}"
EndProject
Project("{FAE04EC0-301F-11D3-BF4B-00C04F79EFBC}") = "ZWave.uap10.0", "ZWave.uap10.0\ZWave.uap10.0.csproj", "{A3A5CF86-813C-4167-96DD-D9A56743F470}"
EndProject
Project("{2150E333-8FDC-42A3-9474-1A3956D46DE8}") = "Samples", "Samples", "{13646915-2614-40CE-93BE-C57691FA4D06}"
EndProject
Project("{2150E333-8FDC-42A3-9474-1A3956D46DE8}") = "uap", "uap", "{30F585B9-410B-445A-84C2-6900974A5413}"
EndProject
Project("{2150E333-8FDC-42A3-9474-1A3956D46DE8}") = "net", "net", "{D8B26987-727D-485E-8ABF-956FB1D89823}"
EndProject
Project("{FAE04EC0-301F-11D3-BF4B-00C04F79EFBC}") = "ZWaveChannelSample", "Samples\net\ZWaveChannelSample\ZWaveChannelSample.csproj", "{05B6847A-F1DA-438A-9F9C-0AF6224528B3}"
EndProject
Project("{FAE04EC0-301F-11D3-BF4B-00C04F79EFBC}") = "ZWave.net45", "ZWave.net45\ZWave.net45.csproj", "{D718B815-21B9-4195-BEFC-E57886E254E4}"
EndProject
Project("{FAE04EC0-301F-11D3-BF4B-00C04F79EFBC}") = "ZWave.portable-net45+win8", "ZWave.portable-net45+win8\ZWave.portable-net45+win8.csproj", "{96B37A40-4227-4063-8008-06BB65862806}"
EndProject
Project("{2150E333-8FDC-42A3-9474-1A3956D46DE8}") = "Targets", "Targets", "{15C4E1D5-BC8A-4039-B9DC-6193CB10A752}"
EndProject
Project("{2150E333-8FDC-42A3-9474-1A3956D46DE8}") = "Libraries", "Libraries", "{AF4919C6-8D7B-48BE-BF56-373344956BE1}"
EndProject
Project("{FAE04EC0-301F-11D3-BF4B-00C04F79EFBC}") = "ZWaveControllerSample", "Samples\net\ZWaveControllerSample\ZWaveControllerSample.csproj", "{0962D3F0-2EB6-4799-B81E-991606E9F19E}"
EndProject
Project("{2150E333-8FDC-42A3-9474-1A3956D46DE8}") = "Build", "Build", "{80711F84-25FF-49FF-BDFA-A8F4E78F9C15}"
	ProjectSection(SolutionItems) = preProject
		Build\SetAssemblyVersion.ps1 = Build\SetAssemblyVersion.ps1
		ZWave4Net.nuspec = ZWave4Net.nuspec
	EndProjectSection
EndProject
Project("{FAE04EC0-301F-11D3-BF4B-00C04F79EFBC}") = "ZWaveControllerSample", "Samples\uap\ZWaveControllerSample\ZWaveControllerSample.csproj", "{FDB826C2-7368-4656-A861-2B86DB1C0E4D}"
EndProject
Project("{9A19103F-16F7-4668-BE54-9A1E7A4F7556}") = "ZWave.netstandard2.0", "ZWave.NetStandard2.0\ZWave.netstandard2.0.csproj", "{6EB2D478-C016-4E31-B2F7-3C68D15F5DDC}"
EndProject
Project("{9A19103F-16F7-4668-BE54-9A1E7A4F7556}") = "ZWave.core2.0", "ZWave.core2.0\ZWave.core2.0.csproj", "{78066960-CBBC-4BE1-89F9-DFCCF159B205}"
EndProject
Project("{2150E333-8FDC-42A3-9474-1A3956D46DE8}") = "core", "core", "{0E5FFE0D-8527-40CB-8C69-DEB62A4D50FA}"
EndProject
Project("{9A19103F-16F7-4668-BE54-9A1E7A4F7556}") = "ZWaveControllerSample (core)", "Samples\core\ZWaveControllerSample (core)\ZWaveControllerSample (core).csproj", "{D4C8B1B4-D21A-46DE-AFAB-0F756D299FD5}"
EndProject
Global
	GlobalSection(SharedMSBuildProjectFiles) = preSolution
		ZWave\ZWave.projitems*{91e0ae62-9c57-4210-b3da-3ebd2e699c92}*SharedItemsImports = 13
		ZWave\ZWave.projitems*{96b37a40-4227-4063-8008-06bb65862806}*SharedItemsImports = 4
		ZWave\ZWave.projitems*{a3a5cf86-813c-4167-96dd-d9a56743f470}*SharedItemsImports = 4
		ZWave\ZWave.projitems*{d718b815-21b9-4195-befc-e57886e254e4}*SharedItemsImports = 4
	EndGlobalSection
	GlobalSection(SolutionConfigurationPlatforms) = preSolution
		Debug|Any CPU = Debug|Any CPU
		Debug|ARM = Debug|ARM
		Debug|x64 = Debug|x64
		Debug|x86 = Debug|x86
		NuGet|Any CPU = NuGet|Any CPU
		NuGet|ARM = NuGet|ARM
		NuGet|x64 = NuGet|x64
		NuGet|x86 = NuGet|x86
		Release|Any CPU = Release|Any CPU
		Release|ARM = Release|ARM
		Release|x64 = Release|x64
		Release|x86 = Release|x86
	EndGlobalSection
	GlobalSection(ProjectConfigurationPlatforms) = postSolution
		{A3A5CF86-813C-4167-96DD-D9A56743F470}.Debug|Any CPU.ActiveCfg = Debug|Any CPU
		{A3A5CF86-813C-4167-96DD-D9A56743F470}.Debug|Any CPU.Build.0 = Debug|Any CPU
		{A3A5CF86-813C-4167-96DD-D9A56743F470}.Debug|ARM.ActiveCfg = Debug|ARM
		{A3A5CF86-813C-4167-96DD-D9A56743F470}.Debug|ARM.Build.0 = Debug|ARM
		{A3A5CF86-813C-4167-96DD-D9A56743F470}.Debug|x64.ActiveCfg = Debug|x64
		{A3A5CF86-813C-4167-96DD-D9A56743F470}.Debug|x64.Build.0 = Debug|x64
		{A3A5CF86-813C-4167-96DD-D9A56743F470}.Debug|x86.ActiveCfg = Debug|x86
		{A3A5CF86-813C-4167-96DD-D9A56743F470}.Debug|x86.Build.0 = Debug|x86
		{A3A5CF86-813C-4167-96DD-D9A56743F470}.NuGet|Any CPU.ActiveCfg = Release|Any CPU
		{A3A5CF86-813C-4167-96DD-D9A56743F470}.NuGet|Any CPU.Build.0 = Release|Any CPU
		{A3A5CF86-813C-4167-96DD-D9A56743F470}.NuGet|ARM.ActiveCfg = NuGet|ARM
		{A3A5CF86-813C-4167-96DD-D9A56743F470}.NuGet|ARM.Build.0 = NuGet|ARM
		{A3A5CF86-813C-4167-96DD-D9A56743F470}.NuGet|x64.ActiveCfg = NuGet|x64
		{A3A5CF86-813C-4167-96DD-D9A56743F470}.NuGet|x64.Build.0 = NuGet|x64
		{A3A5CF86-813C-4167-96DD-D9A56743F470}.NuGet|x86.ActiveCfg = NuGet|x86
		{A3A5CF86-813C-4167-96DD-D9A56743F470}.NuGet|x86.Build.0 = NuGet|x86
		{A3A5CF86-813C-4167-96DD-D9A56743F470}.Release|Any CPU.ActiveCfg = Release|Any CPU
		{A3A5CF86-813C-4167-96DD-D9A56743F470}.Release|Any CPU.Build.0 = Release|Any CPU
		{A3A5CF86-813C-4167-96DD-D9A56743F470}.Release|ARM.ActiveCfg = Release|ARM
		{A3A5CF86-813C-4167-96DD-D9A56743F470}.Release|ARM.Build.0 = Release|ARM
		{A3A5CF86-813C-4167-96DD-D9A56743F470}.Release|x64.ActiveCfg = Release|x64
		{A3A5CF86-813C-4167-96DD-D9A56743F470}.Release|x64.Build.0 = Release|x64
		{A3A5CF86-813C-4167-96DD-D9A56743F470}.Release|x86.ActiveCfg = Release|x86
		{A3A5CF86-813C-4167-96DD-D9A56743F470}.Release|x86.Build.0 = Release|x86
		{05B6847A-F1DA-438A-9F9C-0AF6224528B3}.Debug|Any CPU.ActiveCfg = Debug|Any CPU
		{05B6847A-F1DA-438A-9F9C-0AF6224528B3}.Debug|Any CPU.Build.0 = Debug|Any CPU
		{05B6847A-F1DA-438A-9F9C-0AF6224528B3}.Debug|ARM.ActiveCfg = Debug|Any CPU
		{05B6847A-F1DA-438A-9F9C-0AF6224528B3}.Debug|ARM.Build.0 = Debug|Any CPU
		{05B6847A-F1DA-438A-9F9C-0AF6224528B3}.Debug|x64.ActiveCfg = Debug|Any CPU
		{05B6847A-F1DA-438A-9F9C-0AF6224528B3}.Debug|x64.Build.0 = Debug|Any CPU
		{05B6847A-F1DA-438A-9F9C-0AF6224528B3}.Debug|x86.ActiveCfg = Debug|Any CPU
		{05B6847A-F1DA-438A-9F9C-0AF6224528B3}.Debug|x86.Build.0 = Debug|Any CPU
		{05B6847A-F1DA-438A-9F9C-0AF6224528B3}.NuGet|Any CPU.ActiveCfg = Release|Any CPU
		{05B6847A-F1DA-438A-9F9C-0AF6224528B3}.NuGet|ARM.ActiveCfg = NuGet|Any CPU
		{05B6847A-F1DA-438A-9F9C-0AF6224528B3}.NuGet|x64.ActiveCfg = NuGet|Any CPU
		{05B6847A-F1DA-438A-9F9C-0AF6224528B3}.NuGet|x86.ActiveCfg = NuGet|Any CPU
		{05B6847A-F1DA-438A-9F9C-0AF6224528B3}.Release|Any CPU.ActiveCfg = Release|Any CPU
		{05B6847A-F1DA-438A-9F9C-0AF6224528B3}.Release|Any CPU.Build.0 = Release|Any CPU
		{05B6847A-F1DA-438A-9F9C-0AF6224528B3}.Release|ARM.ActiveCfg = Release|Any CPU
		{05B6847A-F1DA-438A-9F9C-0AF6224528B3}.Release|ARM.Build.0 = Release|Any CPU
		{05B6847A-F1DA-438A-9F9C-0AF6224528B3}.Release|x64.ActiveCfg = Release|Any CPU
		{05B6847A-F1DA-438A-9F9C-0AF6224528B3}.Release|x64.Build.0 = Release|Any CPU
		{05B6847A-F1DA-438A-9F9C-0AF6224528B3}.Release|x86.ActiveCfg = Release|Any CPU
		{05B6847A-F1DA-438A-9F9C-0AF6224528B3}.Release|x86.Build.0 = Release|Any CPU
		{D718B815-21B9-4195-BEFC-E57886E254E4}.Debug|Any CPU.ActiveCfg = Debug|Any CPU
		{D718B815-21B9-4195-BEFC-E57886E254E4}.Debug|Any CPU.Build.0 = Debug|Any CPU
		{D718B815-21B9-4195-BEFC-E57886E254E4}.Debug|ARM.ActiveCfg = Debug|Any CPU
		{D718B815-21B9-4195-BEFC-E57886E254E4}.Debug|ARM.Build.0 = Debug|Any CPU
		{D718B815-21B9-4195-BEFC-E57886E254E4}.Debug|x64.ActiveCfg = Debug|Any CPU
		{D718B815-21B9-4195-BEFC-E57886E254E4}.Debug|x64.Build.0 = Debug|Any CPU
		{D718B815-21B9-4195-BEFC-E57886E254E4}.Debug|x86.ActiveCfg = Debug|Any CPU
		{D718B815-21B9-4195-BEFC-E57886E254E4}.Debug|x86.Build.0 = Debug|Any CPU
		{D718B815-21B9-4195-BEFC-E57886E254E4}.NuGet|Any CPU.ActiveCfg = Release|Any CPU
		{D718B815-21B9-4195-BEFC-E57886E254E4}.NuGet|Any CPU.Build.0 = Release|Any CPU
		{D718B815-21B9-4195-BEFC-E57886E254E4}.NuGet|ARM.ActiveCfg = NuGet|Any CPU
		{D718B815-21B9-4195-BEFC-E57886E254E4}.NuGet|ARM.Build.0 = NuGet|Any CPU
		{D718B815-21B9-4195-BEFC-E57886E254E4}.NuGet|x64.ActiveCfg = NuGet|Any CPU
		{D718B815-21B9-4195-BEFC-E57886E254E4}.NuGet|x64.Build.0 = NuGet|Any CPU
		{D718B815-21B9-4195-BEFC-E57886E254E4}.NuGet|x86.ActiveCfg = NuGet|Any CPU
		{D718B815-21B9-4195-BEFC-E57886E254E4}.NuGet|x86.Build.0 = NuGet|Any CPU
		{D718B815-21B9-4195-BEFC-E57886E254E4}.Release|Any CPU.ActiveCfg = Release|Any CPU
		{D718B815-21B9-4195-BEFC-E57886E254E4}.Release|Any CPU.Build.0 = Release|Any CPU
		{D718B815-21B9-4195-BEFC-E57886E254E4}.Release|ARM.ActiveCfg = Release|Any CPU
		{D718B815-21B9-4195-BEFC-E57886E254E4}.Release|ARM.Build.0 = Release|Any CPU
		{D718B815-21B9-4195-BEFC-E57886E254E4}.Release|x64.ActiveCfg = Release|Any CPU
		{D718B815-21B9-4195-BEFC-E57886E254E4}.Release|x64.Build.0 = Release|Any CPU
		{D718B815-21B9-4195-BEFC-E57886E254E4}.Release|x86.ActiveCfg = Release|Any CPU
		{D718B815-21B9-4195-BEFC-E57886E254E4}.Release|x86.Build.0 = Release|Any CPU
		{96B37A40-4227-4063-8008-06BB65862806}.Debug|Any CPU.ActiveCfg = Debug|Any CPU
		{96B37A40-4227-4063-8008-06BB65862806}.Debug|Any CPU.Build.0 = Debug|Any CPU
		{96B37A40-4227-4063-8008-06BB65862806}.Debug|ARM.ActiveCfg = Debug|Any CPU
		{96B37A40-4227-4063-8008-06BB65862806}.Debug|ARM.Build.0 = Debug|Any CPU
		{96B37A40-4227-4063-8008-06BB65862806}.Debug|x64.ActiveCfg = Debug|Any CPU
		{96B37A40-4227-4063-8008-06BB65862806}.Debug|x64.Build.0 = Debug|Any CPU
		{96B37A40-4227-4063-8008-06BB65862806}.Debug|x86.ActiveCfg = Debug|Any CPU
		{96B37A40-4227-4063-8008-06BB65862806}.Debug|x86.Build.0 = Debug|Any CPU
		{96B37A40-4227-4063-8008-06BB65862806}.NuGet|Any CPU.ActiveCfg = Release|Any CPU
		{96B37A40-4227-4063-8008-06BB65862806}.NuGet|Any CPU.Build.0 = Release|Any CPU
		{96B37A40-4227-4063-8008-06BB65862806}.NuGet|ARM.ActiveCfg = NuGet|Any CPU
		{96B37A40-4227-4063-8008-06BB65862806}.NuGet|ARM.Build.0 = NuGet|Any CPU
		{96B37A40-4227-4063-8008-06BB65862806}.NuGet|x64.ActiveCfg = NuGet|Any CPU
		{96B37A40-4227-4063-8008-06BB65862806}.NuGet|x64.Build.0 = NuGet|Any CPU
		{96B37A40-4227-4063-8008-06BB65862806}.NuGet|x86.ActiveCfg = NuGet|Any CPU
		{96B37A40-4227-4063-8008-06BB65862806}.NuGet|x86.Build.0 = NuGet|Any CPU
		{96B37A40-4227-4063-8008-06BB65862806}.Release|Any CPU.ActiveCfg = Release|Any CPU
		{96B37A40-4227-4063-8008-06BB65862806}.Release|Any CPU.Build.0 = Release|Any CPU
		{96B37A40-4227-4063-8008-06BB65862806}.Release|ARM.ActiveCfg = Release|Any CPU
		{96B37A40-4227-4063-8008-06BB65862806}.Release|ARM.Build.0 = Release|Any CPU
		{96B37A40-4227-4063-8008-06BB65862806}.Release|x64.ActiveCfg = Release|Any CPU
		{96B37A40-4227-4063-8008-06BB65862806}.Release|x64.Build.0 = Release|Any CPU
		{96B37A40-4227-4063-8008-06BB65862806}.Release|x86.ActiveCfg = Release|Any CPU
		{96B37A40-4227-4063-8008-06BB65862806}.Release|x86.Build.0 = Release|Any CPU
		{0962D3F0-2EB6-4799-B81E-991606E9F19E}.Debug|Any CPU.ActiveCfg = Debug|Any CPU
		{0962D3F0-2EB6-4799-B81E-991606E9F19E}.Debug|Any CPU.Build.0 = Debug|Any CPU
		{0962D3F0-2EB6-4799-B81E-991606E9F19E}.Debug|ARM.ActiveCfg = Debug|Any CPU
		{0962D3F0-2EB6-4799-B81E-991606E9F19E}.Debug|ARM.Build.0 = Debug|Any CPU
		{0962D3F0-2EB6-4799-B81E-991606E9F19E}.Debug|x64.ActiveCfg = Debug|Any CPU
		{0962D3F0-2EB6-4799-B81E-991606E9F19E}.Debug|x64.Build.0 = Debug|Any CPU
		{0962D3F0-2EB6-4799-B81E-991606E9F19E}.Debug|x86.ActiveCfg = Debug|Any CPU
		{0962D3F0-2EB6-4799-B81E-991606E9F19E}.Debug|x86.Build.0 = Debug|Any CPU
		{0962D3F0-2EB6-4799-B81E-991606E9F19E}.NuGet|Any CPU.ActiveCfg = Release|Any CPU
		{0962D3F0-2EB6-4799-B81E-991606E9F19E}.NuGet|ARM.ActiveCfg = NuGet|Any CPU
		{0962D3F0-2EB6-4799-B81E-991606E9F19E}.NuGet|x64.ActiveCfg = NuGet|Any CPU
		{0962D3F0-2EB6-4799-B81E-991606E9F19E}.NuGet|x86.ActiveCfg = NuGet|Any CPU
		{0962D3F0-2EB6-4799-B81E-991606E9F19E}.Release|Any CPU.ActiveCfg = Release|Any CPU
		{0962D3F0-2EB6-4799-B81E-991606E9F19E}.Release|Any CPU.Build.0 = Release|Any CPU
		{0962D3F0-2EB6-4799-B81E-991606E9F19E}.Release|ARM.ActiveCfg = Release|Any CPU
		{0962D3F0-2EB6-4799-B81E-991606E9F19E}.Release|ARM.Build.0 = Release|Any CPU
		{0962D3F0-2EB6-4799-B81E-991606E9F19E}.Release|x64.ActiveCfg = Release|Any CPU
		{0962D3F0-2EB6-4799-B81E-991606E9F19E}.Release|x64.Build.0 = Release|Any CPU
		{0962D3F0-2EB6-4799-B81E-991606E9F19E}.Release|x86.ActiveCfg = Release|Any CPU
		{0962D3F0-2EB6-4799-B81E-991606E9F19E}.Release|x86.Build.0 = Release|Any CPU
		{FDB826C2-7368-4656-A861-2B86DB1C0E4D}.Debug|Any CPU.ActiveCfg = Debug|x86
		{FDB826C2-7368-4656-A861-2B86DB1C0E4D}.Debug|ARM.ActiveCfg = Debug|ARM
		{FDB826C2-7368-4656-A861-2B86DB1C0E4D}.Debug|ARM.Build.0 = Debug|ARM
		{FDB826C2-7368-4656-A861-2B86DB1C0E4D}.Debug|ARM.Deploy.0 = Debug|ARM
		{FDB826C2-7368-4656-A861-2B86DB1C0E4D}.Debug|x64.ActiveCfg = Debug|x64
		{FDB826C2-7368-4656-A861-2B86DB1C0E4D}.Debug|x64.Build.0 = Debug|x64
		{FDB826C2-7368-4656-A861-2B86DB1C0E4D}.Debug|x64.Deploy.0 = Debug|x64
		{FDB826C2-7368-4656-A861-2B86DB1C0E4D}.Debug|x86.ActiveCfg = Debug|x86
		{FDB826C2-7368-4656-A861-2B86DB1C0E4D}.Debug|x86.Build.0 = Debug|x86
		{FDB826C2-7368-4656-A861-2B86DB1C0E4D}.Debug|x86.Deploy.0 = Debug|x86
		{FDB826C2-7368-4656-A861-2B86DB1C0E4D}.NuGet|Any CPU.ActiveCfg = Release|x86
		{FDB826C2-7368-4656-A861-2B86DB1C0E4D}.NuGet|ARM.ActiveCfg = Release|ARM
		{FDB826C2-7368-4656-A861-2B86DB1C0E4D}.NuGet|x64.ActiveCfg = Release|x64
		{FDB826C2-7368-4656-A861-2B86DB1C0E4D}.NuGet|x86.ActiveCfg = Release|x86
		{FDB826C2-7368-4656-A861-2B86DB1C0E4D}.Release|Any CPU.ActiveCfg = Release|x86
		{FDB826C2-7368-4656-A861-2B86DB1C0E4D}.Release|ARM.ActiveCfg = Release|ARM
		{FDB826C2-7368-4656-A861-2B86DB1C0E4D}.Release|ARM.Build.0 = Release|ARM
		{FDB826C2-7368-4656-A861-2B86DB1C0E4D}.Release|ARM.Deploy.0 = Release|ARM
		{FDB826C2-7368-4656-A861-2B86DB1C0E4D}.Release|x64.ActiveCfg = Release|x64
		{FDB826C2-7368-4656-A861-2B86DB1C0E4D}.Release|x64.Build.0 = Release|x64
		{FDB826C2-7368-4656-A861-2B86DB1C0E4D}.Release|x64.Deploy.0 = Release|x64
		{FDB826C2-7368-4656-A861-2B86DB1C0E4D}.Release|x86.ActiveCfg = Release|x86
		{FDB826C2-7368-4656-A861-2B86DB1C0E4D}.Release|x86.Build.0 = Release|x86
		{FDB826C2-7368-4656-A861-2B86DB1C0E4D}.Release|x86.Deploy.0 = Release|x86
		{6EB2D478-C016-4E31-B2F7-3C68D15F5DDC}.Debug|Any CPU.ActiveCfg = Debug|Any CPU
		{6EB2D478-C016-4E31-B2F7-3C68D15F5DDC}.Debug|Any CPU.Build.0 = Debug|Any CPU
		{6EB2D478-C016-4E31-B2F7-3C68D15F5DDC}.Debug|ARM.ActiveCfg = Debug|Any CPU
		{6EB2D478-C016-4E31-B2F7-3C68D15F5DDC}.Debug|ARM.Build.0 = Debug|Any CPU
		{6EB2D478-C016-4E31-B2F7-3C68D15F5DDC}.Debug|x64.ActiveCfg = Debug|Any CPU
		{6EB2D478-C016-4E31-B2F7-3C68D15F5DDC}.Debug|x64.Build.0 = Debug|Any CPU
		{6EB2D478-C016-4E31-B2F7-3C68D15F5DDC}.Debug|x86.ActiveCfg = Debug|Any CPU
		{6EB2D478-C016-4E31-B2F7-3C68D15F5DDC}.Debug|x86.Build.0 = Debug|Any CPU
		{6EB2D478-C016-4E31-B2F7-3C68D15F5DDC}.NuGet|Any CPU.ActiveCfg = Release|Any CPU
		{6EB2D478-C016-4E31-B2F7-3C68D15F5DDC}.NuGet|Any CPU.Build.0 = Release|Any CPU
		{6EB2D478-C016-4E31-B2F7-3C68D15F5DDC}.NuGet|ARM.ActiveCfg = Debug|Any CPU
		{6EB2D478-C016-4E31-B2F7-3C68D15F5DDC}.NuGet|ARM.Build.0 = Debug|Any CPU
		{6EB2D478-C016-4E31-B2F7-3C68D15F5DDC}.NuGet|x64.ActiveCfg = Debug|Any CPU
		{6EB2D478-C016-4E31-B2F7-3C68D15F5DDC}.NuGet|x64.Build.0 = Debug|Any CPU
		{6EB2D478-C016-4E31-B2F7-3C68D15F5DDC}.NuGet|x86.ActiveCfg = Debug|Any CPU
		{6EB2D478-C016-4E31-B2F7-3C68D15F5DDC}.NuGet|x86.Build.0 = Debug|Any CPU
		{6EB2D478-C016-4E31-B2F7-3C68D15F5DDC}.Release|Any CPU.ActiveCfg = Release|Any CPU
		{6EB2D478-C016-4E31-B2F7-3C68D15F5DDC}.Release|Any CPU.Build.0 = Release|Any CPU
		{6EB2D478-C016-4E31-B2F7-3C68D15F5DDC}.Release|ARM.ActiveCfg = Release|Any CPU
		{6EB2D478-C016-4E31-B2F7-3C68D15F5DDC}.Release|ARM.Build.0 = Release|Any CPU
		{6EB2D478-C016-4E31-B2F7-3C68D15F5DDC}.Release|x64.ActiveCfg = Release|Any CPU
		{6EB2D478-C016-4E31-B2F7-3C68D15F5DDC}.Release|x64.Build.0 = Release|Any CPU
		{6EB2D478-C016-4E31-B2F7-3C68D15F5DDC}.Release|x86.ActiveCfg = Release|Any CPU
		{6EB2D478-C016-4E31-B2F7-3C68D15F5DDC}.Release|x86.Build.0 = Release|Any CPU
		{78066960-CBBC-4BE1-89F9-DFCCF159B205}.Debug|Any CPU.ActiveCfg = Debug|Any CPU
		{78066960-CBBC-4BE1-89F9-DFCCF159B205}.Debug|Any CPU.Build.0 = Debug|Any CPU
		{78066960-CBBC-4BE1-89F9-DFCCF159B205}.Debug|ARM.ActiveCfg = Debug|Any CPU
		{78066960-CBBC-4BE1-89F9-DFCCF159B205}.Debug|ARM.Build.0 = Debug|Any CPU
		{78066960-CBBC-4BE1-89F9-DFCCF159B205}.Debug|x64.ActiveCfg = Debug|Any CPU
		{78066960-CBBC-4BE1-89F9-DFCCF159B205}.Debug|x64.Build.0 = Debug|Any CPU
		{78066960-CBBC-4BE1-89F9-DFCCF159B205}.Debug|x86.ActiveCfg = Debug|Any CPU
		{78066960-CBBC-4BE1-89F9-DFCCF159B205}.Debug|x86.Build.0 = Debug|Any CPU
		{78066960-CBBC-4BE1-89F9-DFCCF159B205}.NuGet|Any CPU.ActiveCfg = Release|Any CPU
		{78066960-CBBC-4BE1-89F9-DFCCF159B205}.NuGet|Any CPU.Build.0 = Release|Any CPU
		{78066960-CBBC-4BE1-89F9-DFCCF159B205}.NuGet|ARM.ActiveCfg = Debug|Any CPU
		{78066960-CBBC-4BE1-89F9-DFCCF159B205}.NuGet|ARM.Build.0 = Debug|Any CPU
		{78066960-CBBC-4BE1-89F9-DFCCF159B205}.NuGet|x64.ActiveCfg = Debug|Any CPU
		{78066960-CBBC-4BE1-89F9-DFCCF159B205}.NuGet|x64.Build.0 = Debug|Any CPU
		{78066960-CBBC-4BE1-89F9-DFCCF159B205}.NuGet|x86.ActiveCfg = Debug|Any CPU
		{78066960-CBBC-4BE1-89F9-DFCCF159B205}.NuGet|x86.Build.0 = Debug|Any CPU
		{78066960-CBBC-4BE1-89F9-DFCCF159B205}.Release|Any CPU.ActiveCfg = Release|Any CPU
		{78066960-CBBC-4BE1-89F9-DFCCF159B205}.Release|Any CPU.Build.0 = Release|Any CPU
		{78066960-CBBC-4BE1-89F9-DFCCF159B205}.Release|ARM.ActiveCfg = Release|Any CPU
		{78066960-CBBC-4BE1-89F9-DFCCF159B205}.Release|ARM.Build.0 = Release|Any CPU
		{78066960-CBBC-4BE1-89F9-DFCCF159B205}.Release|x64.ActiveCfg = Release|Any CPU
		{78066960-CBBC-4BE1-89F9-DFCCF159B205}.Release|x64.Build.0 = Release|Any CPU
		{78066960-CBBC-4BE1-89F9-DFCCF159B205}.Release|x86.ActiveCfg = Release|Any CPU
		{78066960-CBBC-4BE1-89F9-DFCCF159B205}.Release|x86.Build.0 = Release|Any CPU
		{D4C8B1B4-D21A-46DE-AFAB-0F756D299FD5}.Debug|Any CPU.ActiveCfg = Debug|Any CPU
		{D4C8B1B4-D21A-46DE-AFAB-0F756D299FD5}.Debug|Any CPU.Build.0 = Debug|Any CPU
		{D4C8B1B4-D21A-46DE-AFAB-0F756D299FD5}.Debug|ARM.ActiveCfg = Debug|Any CPU
		{D4C8B1B4-D21A-46DE-AFAB-0F756D299FD5}.Debug|ARM.Build.0 = Debug|Any CPU
		{D4C8B1B4-D21A-46DE-AFAB-0F756D299FD5}.Debug|x64.ActiveCfg = Debug|Any CPU
		{D4C8B1B4-D21A-46DE-AFAB-0F756D299FD5}.Debug|x64.Build.0 = Debug|Any CPU
		{D4C8B1B4-D21A-46DE-AFAB-0F756D299FD5}.Debug|x86.ActiveCfg = Debug|Any CPU
		{D4C8B1B4-D21A-46DE-AFAB-0F756D299FD5}.Debug|x86.Build.0 = Debug|Any CPU
		{D4C8B1B4-D21A-46DE-AFAB-0F756D299FD5}.NuGet|Any CPU.ActiveCfg = Debug|Any CPU
		{D4C8B1B4-D21A-46DE-AFAB-0F756D299FD5}.NuGet|ARM.ActiveCfg = Debug|Any CPU
		{D4C8B1B4-D21A-46DE-AFAB-0F756D299FD5}.NuGet|x64.ActiveCfg = Debug|Any CPU
		{D4C8B1B4-D21A-46DE-AFAB-0F756D299FD5}.NuGet|x86.ActiveCfg = Debug|Any CPU
		{D4C8B1B4-D21A-46DE-AFAB-0F756D299FD5}.Release|Any CPU.ActiveCfg = Release|Any CPU
		{D4C8B1B4-D21A-46DE-AFAB-0F756D299FD5}.Release|Any CPU.Build.0 = Release|Any CPU
		{D4C8B1B4-D21A-46DE-AFAB-0F756D299FD5}.Release|ARM.ActiveCfg = Release|Any CPU
		{D4C8B1B4-D21A-46DE-AFAB-0F756D299FD5}.Release|ARM.Build.0 = Release|Any CPU
		{D4C8B1B4-D21A-46DE-AFAB-0F756D299FD5}.Release|x64.ActiveCfg = Release|Any CPU
		{D4C8B1B4-D21A-46DE-AFAB-0F756D299FD5}.Release|x64.Build.0 = Release|Any CPU
		{D4C8B1B4-D21A-46DE-AFAB-0F756D299FD5}.Release|x86.ActiveCfg = Release|Any CPU
		{D4C8B1B4-D21A-46DE-AFAB-0F756D299FD5}.Release|x86.Build.0 = Release|Any CPU
	EndGlobalSection
	GlobalSection(SolutionProperties) = preSolution
		HideSolutionNode = FALSE
	EndGlobalSection
	GlobalSection(NestedProjects) = preSolution
		{91E0AE62-9C57-4210-B3DA-3EBD2E699C92} = {AF4919C6-8D7B-48BE-BF56-373344956BE1}
		{A3A5CF86-813C-4167-96DD-D9A56743F470} = {15C4E1D5-BC8A-4039-B9DC-6193CB10A752}
		{30F585B9-410B-445A-84C2-6900974A5413} = {13646915-2614-40CE-93BE-C57691FA4D06}
		{D8B26987-727D-485E-8ABF-956FB1D89823} = {13646915-2614-40CE-93BE-C57691FA4D06}
		{05B6847A-F1DA-438A-9F9C-0AF6224528B3} = {D8B26987-727D-485E-8ABF-956FB1D89823}
		{D718B815-21B9-4195-BEFC-E57886E254E4} = {15C4E1D5-BC8A-4039-B9DC-6193CB10A752}
		{96B37A40-4227-4063-8008-06BB65862806} = {15C4E1D5-BC8A-4039-B9DC-6193CB10A752}
		{0962D3F0-2EB6-4799-B81E-991606E9F19E} = {D8B26987-727D-485E-8ABF-956FB1D89823}
		{FDB826C2-7368-4656-A861-2B86DB1C0E4D} = {30F585B9-410B-445A-84C2-6900974A5413}
		{6EB2D478-C016-4E31-B2F7-3C68D15F5DDC} = {15C4E1D5-BC8A-4039-B9DC-6193CB10A752}
		{78066960-CBBC-4BE1-89F9-DFCCF159B205} = {15C4E1D5-BC8A-4039-B9DC-6193CB10A752}
		{0E5FFE0D-8527-40CB-8C69-DEB62A4D50FA} = {13646915-2614-40CE-93BE-C57691FA4D06}
		{D4C8B1B4-D21A-46DE-AFAB-0F756D299FD5} = {0E5FFE0D-8527-40CB-8C69-DEB62A4D50FA}
	EndGlobalSection
	GlobalSection(ExtensibilityGlobals) = postSolution
		SolutionGuid = {B91231ED-3737-432A-B80D-AB2092E927F8}
	EndGlobalSection
EndGlobal
